
Microsoft Visual Studio Solution File, Format Version 12.00
# Visual Studio Version 16
VisualStudioVersion = 16.0.29926.136
MinimumVisualStudioVersion = 10.0.40219.1
Project("{FAE04EC0-301F-11D3-BF4B-00C04F79EFBC}") = "DinoRace", "DinoRace\DinoRace.csproj", "{1C2A5E1B-D167-4D43-8887-E55E51D4BADB}"
EndProject
Global
	GlobalSection(SolutionConfigurationPlatforms) = preSolution
		Debug|Any CPU = Debug|Any CPU
		Release|Any CPU = Release|Any CPU
	EndGlobalSection
	GlobalSection(ProjectConfigurationPlatforms) = postSolution
		{1C2A5E1B-D167-4D43-8887-E55E51D4BADB}.Debug|Any CPU.ActiveCfg = Debug|Any CPU
		{1C2A5E1B-D167-4D43-8887-E55E51D4BADB}.Debug|Any CPU.Build.0 = Debug|Any CPU
		{1C2A5E1B-D167-4D43-8887-E55E51D4BADB}.Release|Any CPU.ActiveCfg = Release|Any CPU
		{1C2A5E1B-D167-4D43-8887-E55E51D4BADB}.Release|Any CPU.Build.0 = Release|Any CPU
	EndGlobalSection
	GlobalSection(SolutionProperties) = preSolution
		HideSolutionNode = FALSE
	EndGlobalSection
	GlobalSection(ExtensibilityGlobals) = postSolution
		SolutionGuid = {C43DF3A1-75EB-470A-B1C4-607EADE3D93E}
	EndGlobalSection
EndGlobal
